// !$*UTF8*$!
{
	archiveVersion = 1;
	classes = {
	};
	objectVersion = 56;
	objects = {

/* Begin PBXBuildFile section */
		AC63D6E22ADCFAB30018F224 /* AppDelegate.swift in Sources */ = {isa = PBXBuildFile; fileRef = AC63D6E12ADCFAB30018F224 /* AppDelegate.swift */; };
		AC63D6E42ADCFAB30018F224 /* SceneDelegate.swift in Sources */ = {isa = PBXBuildFile; fileRef = AC63D6E32ADCFAB30018F224 /* SceneDelegate.swift */; };
		AC63D6E62ADCFAB30018F224 /* ViewController.swift in Sources */ = {isa = PBXBuildFile; fileRef = AC63D6E52ADCFAB30018F224 /* ViewController.swift */; };
		AC63D6EB2ADCFAB40018F224 /* Assets.xcassets in Resources */ = {isa = PBXBuildFile; fileRef = AC63D6EA2ADCFAB40018F224 /* Assets.xcassets */; };
		AC63D6EE2ADCFAB40018F224 /* LaunchScreen.storyboard in Resources */ = {isa = PBXBuildFile; fileRef = AC63D6EC2ADCFAB40018F224 /* LaunchScreen.storyboard */; };
		AC63D6F92ADFA69E0018F224 /* PasswordTextField.swift in Sources */ = {isa = PBXBuildFile; fileRef = AC63D6F82ADFA69E0018F224 /* PasswordTextField.swift */; };
		AC63D6FC2ADFADE00018F224 /* Extension+UITextField.swift in Sources */ = {isa = PBXBuildFile; fileRef = AC63D6FB2ADFADE00018F224 /* Extension+UITextField.swift */; };
/* End PBXBuildFile section */

/* Begin PBXFileReference section */
		AC63D6DE2ADCFAB30018F224 /* BestPasswordApp.app */ = {isa = PBXFileReference; explicitFileType = wrapper.application; includeInIndex = 0; path = BestPasswordApp.app; sourceTree = BUILT_PRODUCTS_DIR; };
		AC63D6E12ADCFAB30018F224 /* AppDelegate.swift */ = {isa = PBXFileReference; lastKnownFileType = sourcecode.swift; path = AppDelegate.swift; sourceTree = "<group>"; };
		AC63D6E32ADCFAB30018F224 /* SceneDelegate.swift */ = {isa = PBXFileReference; lastKnownFileType = sourcecode.swift; path = SceneDelegate.swift; sourceTree = "<group>"; };
		AC63D6E52ADCFAB30018F224 /* ViewController.swift */ = {isa = PBXFileReference; lastKnownFileType = sourcecode.swift; path = ViewController.swift; sourceTree = "<group>"; };
		AC63D6EA2ADCFAB40018F224 /* Assets.xcassets */ = {isa = PBXFileReference; lastKnownFileType = folder.assetcatalog; path = Assets.xcassets; sourceTree = "<group>"; };
		AC63D6ED2ADCFAB40018F224 /* Base */ = {isa = PBXFileReference; lastKnownFileType = file.storyboard; name = Base; path = Base.lproj/LaunchScreen.storyboard; sourceTree = "<group>"; };
		AC63D6EF2ADCFAB40018F224 /* Info.plist */ = {isa = PBXFileReference; lastKnownFileType = text.plist.xml; path = Info.plist; sourceTree = "<group>"; };
		AC63D6F82ADFA69E0018F224 /* PasswordTextField.swift */ = {isa = PBXFileReference; lastKnownFileType = sourcecode.swift; path = PasswordTextField.swift; sourceTree = "<group>"; };
		AC63D6FB2ADFADE00018F224 /* Extension+UITextField.swift */ = {isa = PBXFileReference; lastKnownFileType = sourcecode.swift; path = "Extension+UITextField.swift"; sourceTree = "<group>"; };
/* End PBXFileReference section */

/* Begin PBXFrameworksBuildPhase section */
		AC63D6DB2ADCFAB30018F224 /* Frameworks */ = {
			isa = PBXFrameworksBuildPhase;
			buildActionMask = 2147483647;
			files = (
			);
			runOnlyForDeploymentPostprocessing = 0;
		};
/* End PBXFrameworksBuildPhase section */

/* Begin PBXGroup section */
		AC63D6D52ADCFAB30018F224 = {
			isa = PBXGroup;
			children = (
				AC63D6E02ADCFAB30018F224 /* BestPasswordApp */,
				AC63D6DF2ADCFAB30018F224 /* Products */,
			);
			sourceTree = "<group>";
		};
		AC63D6DF2ADCFAB30018F224 /* Products */ = {
			isa = PBXGroup;
			children = (
				AC63D6DE2ADCFAB30018F224 /* BestPasswordApp.app */,
			);
			name = Products;
			sourceTree = "<group>";
		};
		AC63D6E02ADCFAB30018F224 /* BestPasswordApp */ = {
			isa = PBXGroup;
			children = (
				AC63D6FA2ADFADBB0018F224 /* Utils */,
				AC63D6F52ADD014C0018F224 /* Application */,
				AC63D6F62ADD01680018F224 /* Resources */,
				AC63D6F72ADFA66F0018F224 /* Components */,
				AC63D6E52ADCFAB30018F224 /* ViewController.swift */,
			);
			path = BestPasswordApp;
			sourceTree = "<group>";
		};
		AC63D6F52ADD014C0018F224 /* Application */ = {
			isa = PBXGroup;
			children = (
				AC63D6E12ADCFAB30018F224 /* AppDelegate.swift */,
				AC63D6E32ADCFAB30018F224 /* SceneDelegate.swift */,
				AC63D6EC2ADCFAB40018F224 /* LaunchScreen.storyboard */,
			);
			path = Application;
			sourceTree = "<group>";
		};
		AC63D6F62ADD01680018F224 /* Resources */ = {
			isa = PBXGroup;
			children = (
				AC63D6EA2ADCFAB40018F224 /* Assets.xcassets */,
				AC63D6EF2ADCFAB40018F224 /* Info.plist */,
			);
			path = Resources;
			sourceTree = "<group>";
		};
		AC63D6F72ADFA66F0018F224 /* Components */ = {
			isa = PBXGroup;
			children = (
				AC63D6F82ADFA69E0018F224 /* PasswordTextField.swift */,
			);
			path = Components;
			sourceTree = "<group>";
		};
		AC63D6FA2ADFADBB0018F224 /* Utils */ = {
			isa = PBXGroup;
			children = (
				AC63D6FB2ADFADE00018F224 /* Extension+UITextField.swift */,
			);
			path = Utils;
			sourceTree = "<group>";
		};
/* End PBXGroup section */

/* Begin PBXNativeTarget section */
		AC63D6DD2ADCFAB30018F224 /* BestPasswordApp */ = {
			isa = PBXNativeTarget;
			buildConfigurationList = AC63D6F22ADCFAB40018F224 /* Build configuration list for PBXNativeTarget "BestPasswordApp" */;
			buildPhases = (
				AC63D6DA2ADCFAB30018F224 /* Sources */,
				AC63D6DB2ADCFAB30018F224 /* Frameworks */,
				AC63D6DC2ADCFAB30018F224 /* Resources */,
			);
			buildRules = (
			);
			dependencies = (
			);
			name = BestPasswordApp;
			productName = BestPasswordApp;
			productReference = AC63D6DE2ADCFAB30018F224 /* BestPasswordApp.app */;
			productType = "com.apple.product-type.application";
		};
/* End PBXNativeTarget section */

/* Begin PBXProject section */
		AC63D6D62ADCFAB30018F224 /* Project object */ = {
			isa = PBXProject;
			attributes = {
				BuildIndependentTargetsInParallel = 1;
				LastSwiftUpdateCheck = 1430;
				LastUpgradeCheck = 1430;
				TargetAttributes = {
					AC63D6DD2ADCFAB30018F224 = {
						CreatedOnToolsVersion = 14.3.1;
					};
				};
			};
			buildConfigurationList = AC63D6D92ADCFAB30018F224 /* Build configuration list for PBXProject "BestPasswordApp" */;
			compatibilityVersion = "Xcode 14.0";
			developmentRegion = en;
			hasScannedForEncodings = 0;
			knownRegions = (
				en,
				Base,
			);
			mainGroup = AC63D6D52ADCFAB30018F224;
			productRefGroup = AC63D6DF2ADCFAB30018F224 /* Products */;
			projectDirPath = "";
			projectRoot = "";
			targets = (
				AC63D6DD2ADCFAB30018F224 /* BestPasswordApp */,
			);
		};
/* End PBXProject section */

/* Begin PBXResourcesBuildPhase section */
		AC63D6DC2ADCFAB30018F224 /* Resources */ = {
			isa = PBXResourcesBuildPhase;
			buildActionMask = 2147483647;
			files = (
				AC63D6EE2ADCFAB40018F224 /* LaunchScreen.storyboard in Resources */,
				AC63D6EB2ADCFAB40018F224 /* Assets.xcassets in Resources */,
			);
			runOnlyForDeploymentPostprocessing = 0;
		};
/* End PBXResourcesBuildPhase section */

/* Begin PBXSourcesBuildPhase section */
		AC63D6DA2ADCFAB30018F224 /* Sources */ = {
			isa = PBXSourcesBuildPhase;
			buildActionMask = 2147483647;
			files = (
				AC63D6E62ADCFAB30018F224 /* ViewController.swift in Sources */,
				AC63D6E22ADCFAB30018F224 /* AppDelegate.swift in Sources */,
				AC63D6E42ADCFAB30018F224 /* SceneDelegate.swift in Sources */,
				AC63D6FC2ADFADE00018F224 /* Extension+UITextField.swift in Sources */,
				AC63D6F92ADFA69E0018F224 /* PasswordTextField.swift in Sources */,
			);
			runOnlyForDeploymentPostprocessing = 0;
		};
/* End PBXSourcesBuildPhase section */

/* Begin PBXVariantGroup section */
		AC63D6EC2ADCFAB40018F224 /* LaunchScreen.storyboard */ = {
			isa = PBXVariantGroup;
			children = (
				AC63D6ED2ADCFAB40018F224 /* Base */,
			);
			name = LaunchScreen.storyboard;
			sourceTree = "<group>";
		};
/* End PBXVariantGroup section */

/* Begin XCBuildConfiguration section */
		AC63D6F02ADCFAB40018F224 /* Debug */ = {
			isa = XCBuildConfiguration;
			buildSettings = {
				ALWAYS_SEARCH_USER_PATHS = NO;
				CLANG_ANALYZER_NONNULL = YES;
				CLANG_ANALYZER_NUMBER_OBJECT_CONVERSION = YES_AGGRESSIVE;
				CLANG_CXX_LANGUAGE_STANDARD = "gnu++20";
				CLANG_ENABLE_MODULES = YES;
				CLANG_ENABLE_OBJC_ARC = YES;
				CLANG_ENABLE_OBJC_WEAK = YES;
				CLANG_WARN_BLOCK_CAPTURE_AUTORELEASING = YES;
				CLANG_WARN_BOOL_CONVERSION = YES;
				CLANG_WARN_COMMA = YES;
				CLANG_WARN_CONSTANT_CONVERSION = YES;
				CLANG_WARN_DEPRECATED_OBJC_IMPLEMENTATIONS = YES;
				CLANG_WARN_DIRECT_OBJC_ISA_USAGE = YES_ERROR;
				CLANG_WARN_DOCUMENTATION_COMMENTS = YES;
				CLANG_WARN_EMPTY_BODY = YES;
				CLANG_WARN_ENUM_CONVERSION = YES;
				CLANG_WARN_INFINITE_RECURSION = YES;
				CLANG_WARN_INT_CONVERSION = YES;
				CLANG_WARN_NON_LITERAL_NULL_CONVERSION = YES;
				CLANG_WARN_OBJC_IMPLICIT_RETAIN_SELF = YES;
				CLANG_WARN_OBJC_LITERAL_CONVERSION = YES;
				CLANG_WARN_OBJC_ROOT_CLASS = YES_ERROR;
				CLANG_WARN_QUOTED_INCLUDE_IN_FRAMEWORK_HEADER = YES;
				CLANG_WARN_RANGE_LOOP_ANALYSIS = YES;
				CLANG_WARN_STRICT_PROTOTYPES = YES;
				CLANG_WARN_SUSPICIOUS_MOVE = YES;
				CLANG_WARN_UNGUARDED_AVAILABILITY = YES_AGGRESSIVE;
				CLANG_WARN_UNREACHABLE_CODE = YES;
				CLANG_WARN__DUPLICATE_METHOD_MATCH = YES;
				COPY_PHASE_STRIP = NO;
				DEBUG_INFORMATION_FORMAT = dwarf;
				ENABLE_STRICT_OBJC_MSGSEND = YES;
				ENABLE_TESTABILITY = YES;
				GCC_C_LANGUAGE_STANDARD = gnu11;
				GCC_DYNAMIC_NO_PIC = NO;
				GCC_NO_COMMON_BLOCKS = YES;
				GCC_OPTIMIZATION_LEVEL = 0;
				GCC_PREPROCESSOR_DEFINITIONS = (
					"DEBUG=1",
					"$(inherited)",
				);
				GCC_WARN_64_TO_32_BIT_CONVERSION = YES;
				GCC_WARN_ABOUT_RETURN_TYPE = YES_ERROR;
				GCC_WARN_UNDECLARED_SELECTOR = YES;
				GCC_WARN_UNINITIALIZED_AUTOS = YES_AGGRESSIVE;
				GCC_WARN_UNUSED_FUNCTION = YES;
				GCC_WARN_UNUSED_VARIABLE = YES;
				IPHONEOS_DEPLOYMENT_TARGET = 16.4;
				MTL_ENABLE_DEBUG_INFO = INCLUDE_SOURCE;
				MTL_FAST_MATH = YES;
				ONLY_ACTIVE_ARCH = YES;
				SDKROOT = iphoneos;
				SWIFT_ACTIVE_COMPILATION_CONDITIONS = DEBUG;
				SWIFT_OPTIMIZATION_LEVEL = "-Onone";
			};
			name = Debug;
		};
		AC63D6F12ADCFAB40018F224 /* Release */ = {
			isa = XCBuildConfiguration;
			buildSettings = {
				ALWAYS_SEARCH_USER_PATHS = NO;
				CLANG_ANALYZER_NONNULL = YES;
				CLANG_ANALYZER_NUMBER_OBJECT_CONVERSION = YES_AGGRESSIVE;
				CLANG_CXX_LANGUAGE_STANDARD = "gnu++20";
				CLANG_ENABLE_MODULES = YES;
				CLANG_ENABLE_OBJC_ARC = YES;
				CLANG_ENABLE_OBJC_WEAK = YES;
				CLANG_WARN_BLOCK_CAPTURE_AUTORELEASING = YES;
				CLANG_WARN_BOOL_CONVERSION = YES;
				CLANG_WARN_COMMA = YES;
				CLANG_WARN_CONSTANT_CONVERSION = YES;
				CLANG_WARN_DEPRECATED_OBJC_IMPLEMENTATIONS = YES;
				CLANG_WARN_DIRECT_OBJC_ISA_USAGE = YES_ERROR;
				CLANG_WARN_DOCUMENTATION_COMMENTS = YES;
				CLANG_WARN_EMPTY_BODY = YES;
				CLANG_WARN_ENUM_CONVERSION = YES;
				CLANG_WARN_INFINITE_RECURSION = YES;
				CLANG_WARN_INT_CONVERSION = YES;
				CLANG_WARN_NON_LITERAL_NULL_CONVERSION = YES;
				CLANG_WARN_OBJC_IMPLICIT_RETAIN_SELF = YES;
				CLANG_WARN_OBJC_LITERAL_CONVERSION = YES;
				CLANG_WARN_OBJC_ROOT_CLASS = YES_ERROR;
				CLANG_WARN_QUOTED_INCLUDE_IN_FRAMEWORK_HEADER = YES;
				CLANG_WARN_RANGE_LOOP_ANALYSIS = YES;
				CLANG_WARN_STRICT_PROTOTYPES = YES;
				CLANG_WARN_SUSPICIOUS_MOVE = YES;
				CLANG_WARN_UNGUARDED_AVAILABILITY = YES_AGGRESSIVE;
				CLANG_WARN_UNREACHABLE_CODE = YES;
				CLANG_WARN__DUPLICATE_METHOD_MATCH = YES;
				COPY_PHASE_STRIP = NO;
				DEBUG_INFORMATION_FORMAT = "dwarf-with-dsym";
				ENABLE_NS_ASSERTIONS = NO;
				ENABLE_STRICT_OBJC_MSGSEND = YES;
				GCC_C_LANGUAGE_STANDARD = gnu11;
				GCC_NO_COMMON_BLOCKS = YES;
				GCC_WARN_64_TO_32_BIT_CONVERSION = YES;
				GCC_WARN_ABOUT_RETURN_TYPE = YES_ERROR;
				GCC_WARN_UNDECLARED_SELECTOR = YES;
				GCC_WARN_UNINITIALIZED_AUTOS = YES_AGGRESSIVE;
				GCC_WARN_UNUSED_FUNCTION = YES;
				GCC_WARN_UNUSED_VARIABLE = YES;
				IPHONEOS_DEPLOYMENT_TARGET = 16.4;
				MTL_ENABLE_DEBUG_INFO = NO;
				MTL_FAST_MATH = YES;
				SDKROOT = iphoneos;
				SWIFT_COMPILATION_MODE = wholemodule;
				SWIFT_OPTIMIZATION_LEVEL = "-O";
				VALIDATE_PRODUCT = YES;
			};
			name = Release;
		};
		AC63D6F32ADCFAB40018F224 /* Debug */ = {
			isa = XCBuildConfiguration;
			buildSettings = {
				ASSETCATALOG_COMPILER_APPICON_NAME = AppIcon;
				ASSETCATALOG_COMPILER_GLOBAL_ACCENT_COLOR_NAME = AccentColor;
				CODE_SIGN_STYLE = Automatic;
				CURRENT_PROJECT_VERSION = 1;
				DEVELOPMENT_TEAM = MSVFBRY49T;
				GENERATE_INFOPLIST_FILE = YES;
				INFOPLIST_FILE = BestPasswordApp/Resources/Info.plist;
				INFOPLIST_KEY_UIApplicationSupportsIndirectInputEvents = YES;
				INFOPLIST_KEY_UILaunchStoryboardName = LaunchScreen;
				INFOPLIST_KEY_UISupportedInterfaceOrientations_iPad = "UIInterfaceOrientationPortrait UIInterfaceOrientationPortraitUpsideDown UIInterfaceOrientationLandscapeLeft UIInterfaceOrientationLandscapeRight";
				INFOPLIST_KEY_UISupportedInterfaceOrientations_iPhone = "UIInterfaceOrientationPortrait UIInterfaceOrientationLandscapeLeft UIInterfaceOrientationLandscapeRight";
				LD_RUNPATH_SEARCH_PATHS = (
					"$(inherited)",
					"@executable_path/Frameworks",
				);
				MARKETING_VERSION = 1.0;
				PRODUCT_BUNDLE_IDENTIFIER = com.test.niv.project.BestPasswordApp;
				PRODUCT_NAME = "$(TARGET_NAME)";
				SWIFT_EMIT_LOC_STRINGS = YES;
				SWIFT_VERSION = 5.0;
				TARGETED_DEVICE_FAMILY = "1,2";
			};
			name = Debug;
		};
		AC63D6F42ADCFAB40018F224 /* Release */ = {
			isa = XCBuildConfiguration;
			buildSettings = {
				ASSETCATALOG_COMPILER_APPICON_NAME = AppIcon;
				ASSETCATALOG_COMPILER_GLOBAL_ACCENT_COLOR_NAME = AccentColor;
				CODE_SIGN_STYLE = Automatic;
				CURRENT_PROJECT_VERSION = 1;
				DEVELOPMENT_TEAM = MSVFBRY49T;
				GENERATE_INFOPLIST_FILE = YES;
				INFOPLIST_FILE = BestPasswordApp/Resources/Info.plist;
				INFOPLIST_KEY_UIApplicationSupportsIndirectInputEvents = YES;
				INFOPLIST_KEY_UILaunchStoryboardName = LaunchScreen;
				INFOPLIST_KEY_UISupportedInterfaceOrientations_iPad = "UIInterfaceOrientationPortrait UIInterfaceOrientationPortraitUpsideDown UIInterfaceOrientationLandscapeLeft UIInterfaceOrientationLandscapeRight";
				INFOPLIST_KEY_UISupportedInterfaceOrientations_iPhone = "UIInterfaceOrientationPortrait UIInterfaceOrientationLandscapeLeft UIInterfaceOrientationLandscapeRight";
				LD_RUNPATH_SEARCH_PATHS = (
					"$(inherited)",
					"@executable_path/Frameworks",
				);
				MARKETING_VERSION = 1.0;
				PRODUCT_BUNDLE_IDENTIFIER = com.test.niv.project.BestPasswordApp;
				PRODUCT_NAME = "$(TARGET_NAME)";
				SWIFT_EMIT_LOC_STRINGS = YES;
				SWIFT_VERSION = 5.0;
				TARGETED_DEVICE_FAMILY = "1,2";
			};
			name = Release;
		};
/* End XCBuildConfiguration section */

/* Begin XCConfigurationList section */
		AC63D6D92ADCFAB30018F224 /* Build configuration list for PBXProject "BestPasswordApp" */ = {
			isa = XCConfigurationList;
			buildConfigurations = (
				AC63D6F02ADCFAB40018F224 /* Debug */,
				AC63D6F12ADCFAB40018F224 /* Release */,
			);
			defaultConfigurationIsVisible = 0;
			defaultConfigurationName = Release;
		};
		AC63D6F22ADCFAB40018F224 /* Build configuration list for PBXNativeTarget "BestPasswordApp" */ = {
			isa = XCConfigurationList;
			buildConfigurations = (
				AC63D6F32ADCFAB40018F224 /* Debug */,
				AC63D6F42ADCFAB40018F224 /* Release */,
			);
			defaultConfigurationIsVisible = 0;
			defaultConfigurationName = Release;
		};
/* End XCConfigurationList section */
	};
	rootObject = AC63D6D62ADCFAB30018F224 /* Project object */;
}
